
Microsoft Visual Studio Solution File, Format Version 12.00
# Visual Studio Version 17
VisualStudioVersion = 17.14.36414.22 d17.14
MinimumVisualStudioVersion = 10.0.40219.1
Project("{FAE04EC0-301F-11D3-BF4B-00C04F79EFBC}") = "WithMongoDbInDocker", "WithMongoDbInDocker.csproj", "{822FF181-5FFB-4357-B3A1-1EA99058B43C}"
EndProject
Global
	GlobalSection(SolutionConfigurationPlatforms) = preSolution
		Debug|Any CPU = Debug|Any CPU
		Release|Any CPU = Release|Any CPU
	EndGlobalSection
	GlobalSection(ProjectConfigurationPlatforms) = postSolution
		{822FF181-5FFB-4357-B3A1-1EA99058B43C}.Debug|Any CPU.ActiveCfg = Debug|Any CPU
		{822FF181-5FFB-4357-B3A1-1EA99058B43C}.Debug|Any CPU.Build.0 = Debug|Any CPU
		{822FF181-5FFB-4357-B3A1-1EA99058B43C}.Release|Any CPU.ActiveCfg = Release|Any CPU
		{822FF181-5FFB-4357-B3A1-1EA99058B43C}.Release|Any CPU.Build.0 = Release|Any CPU
	EndGlobalSection
	GlobalSection(SolutionProperties) = preSolution
		HideSolutionNode = FALSE
	EndGlobalSection
	GlobalSection(ExtensibilityGlobals) = postSolution
		SolutionGuid = {682035DA-F924-4149-BD7B-7AF9FCE63A4E}
	EndGlobalSection
EndGlobal
